
Microsoft Visual Studio Solution File, Format Version 12.00
# Visual Studio Version 16
VisualStudioVersion = 25.0.1706.8
MinimumVisualStudioVersion = 10.0.40219.1
Project("{FAE04EC0-301F-11D3-BF4B-00C04F79EFBC}") = "Jeu_du_serpent", "Jeu_du_serpent\Jeu_du_serpent.csproj", "{9725771B-6BB8-4C09-92F4-CA9CE6FF3E0E}"
EndProject
Project("{FAE04EC0-301F-11D3-BF4B-00C04F79EFBC}") = "Jeu_du_serpent.UniTests", "Jeu_du_serpent.UniTests\Jeu_du_serpent.UniTests.csproj", "{3FEFBBDE-9EAD-46A2-B056-542184B8C7DC}"
EndProject
Global
	GlobalSection(SolutionConfigurationPlatforms) = preSolution
		Debug|Any CPU = Debug|Any CPU
		Release|Any CPU = Release|Any CPU
	EndGlobalSection
	GlobalSection(ProjectConfigurationPlatforms) = postSolution
		{9725771B-6BB8-4C09-92F4-CA9CE6FF3E0E}.Debug|Any CPU.ActiveCfg = Debug|Any CPU
		{9725771B-6BB8-4C09-92F4-CA9CE6FF3E0E}.Debug|Any CPU.Build.0 = Debug|Any CPU
		{9725771B-6BB8-4C09-92F4-CA9CE6FF3E0E}.Release|Any CPU.ActiveCfg = Release|Any CPU
		{9725771B-6BB8-4C09-92F4-CA9CE6FF3E0E}.Release|Any CPU.Build.0 = Release|Any CPU
		{3FEFBBDE-9EAD-46A2-B056-542184B8C7DC}.Debug|Any CPU.ActiveCfg = Debug|Any CPU
		{3FEFBBDE-9EAD-46A2-B056-542184B8C7DC}.Debug|Any CPU.Build.0 = Debug|Any CPU
		{3FEFBBDE-9EAD-46A2-B056-542184B8C7DC}.Release|Any CPU.ActiveCfg = Release|Any CPU
		{3FEFBBDE-9EAD-46A2-B056-542184B8C7DC}.Release|Any CPU.Build.0 = Release|Any CPU
	EndGlobalSection
	GlobalSection(SolutionProperties) = preSolution
		HideSolutionNode = FALSE
	EndGlobalSection
	GlobalSection(ExtensibilityGlobals) = postSolution
		SolutionGuid = {6C42A96A-C267-49C7-9284-40ABA123F5B7}
	EndGlobalSection
EndGlobal
